
Microsoft Visual Studio Solution File, Format Version 12.00
# Visual Studio Version 17
VisualStudioVersion = 17.14.36414.22 d17.14
MinimumVisualStudioVersion = 10.0.40219.1
Project("{FAE04EC0-301F-11D3-BF4B-00C04F79EFBC}") = "LAMS.WEB", "LAMS.WEB\LAMS.WEB.csproj", "{4861E7A6-9A5E-4AF7-B604-C06D6790F013}"
EndProject
Project("{FAE04EC0-301F-11D3-BF4B-00C04F79EFBC}") = "LAMS.Domain", "LAMS.Domain\LAMS.Domain.csproj", "{C6C58E0D-980D-4513-9F75-2D39BD49E0F5}"
EndProject
Project("{FAE04EC0-301F-11D3-BF4B-00C04F79EFBC}") = "LAMS.Infrastructure", "LAMS.Infrastructure\LAMS.Infrastructure.csproj", "{30646248-456C-4249-A8BF-6B8DC8D75D00}"
EndProject
Project("{FAE04EC0-301F-11D3-BF4B-00C04F79EFBC}") = "LAMS.Application", "LAMS.Application\LAMS.Application.csproj", "{5FBCC658-31A8-4F75-924F-1F4E7296EE1E}"
EndProject
Global
	GlobalSection(SolutionConfigurationPlatforms) = preSolution
		Debug|Any CPU = Debug|Any CPU
		Release|Any CPU = Release|Any CPU
	EndGlobalSection
	GlobalSection(ProjectConfigurationPlatforms) = postSolution
		{4861E7A6-9A5E-4AF7-B604-C06D6790F013}.Debug|Any CPU.ActiveCfg = Debug|Any CPU
		{4861E7A6-9A5E-4AF7-B604-C06D6790F013}.Debug|Any CPU.Build.0 = Debug|Any CPU
		{4861E7A6-9A5E-4AF7-B604-C06D6790F013}.Release|Any CPU.ActiveCfg = Release|Any CPU
		{4861E7A6-9A5E-4AF7-B604-C06D6790F013}.Release|Any CPU.Build.0 = Release|Any CPU
		{C6C58E0D-980D-4513-9F75-2D39BD49E0F5}.Debug|Any CPU.ActiveCfg = Debug|Any CPU
		{C6C58E0D-980D-4513-9F75-2D39BD49E0F5}.Debug|Any CPU.Build.0 = Debug|Any CPU
		{C6C58E0D-980D-4513-9F75-2D39BD49E0F5}.Release|Any CPU.ActiveCfg = Release|Any CPU
		{C6C58E0D-980D-4513-9F75-2D39BD49E0F5}.Release|Any CPU.Build.0 = Release|Any CPU
		{30646248-456C-4249-A8BF-6B8DC8D75D00}.Debug|Any CPU.ActiveCfg = Debug|Any CPU
		{30646248-456C-4249-A8BF-6B8DC8D75D00}.Debug|Any CPU.Build.0 = Debug|Any CPU
		{30646248-456C-4249-A8BF-6B8DC8D75D00}.Release|Any CPU.ActiveCfg = Release|Any CPU
		{30646248-456C-4249-A8BF-6B8DC8D75D00}.Release|Any CPU.Build.0 = Release|Any CPU
		{5FBCC658-31A8-4F75-924F-1F4E7296EE1E}.Debug|Any CPU.ActiveCfg = Debug|Any CPU
		{5FBCC658-31A8-4F75-924F-1F4E7296EE1E}.Debug|Any CPU.Build.0 = Debug|Any CPU
		{5FBCC658-31A8-4F75-924F-1F4E7296EE1E}.Release|Any CPU.ActiveCfg = Release|Any CPU
		{5FBCC658-31A8-4F75-924F-1F4E7296EE1E}.Release|Any CPU.Build.0 = Release|Any CPU
	EndGlobalSection
	GlobalSection(SolutionProperties) = preSolution
		HideSolutionNode = FALSE
	EndGlobalSection
	GlobalSection(ExtensibilityGlobals) = postSolution
		SolutionGuid = {1FD113FA-35C4-419C-B23B-F23CE8FBA98B}
	EndGlobalSection
EndGlobal
